<?xml version="1.0" encoding="utf-8"?>
<Project ToolsVersion="4.0" xmlns:atg="http://atg.xbox.com" xmlns="http://schemas.microsoft.com/developer/msbuild/2003">
  <ItemGroup>
    <Filter Include="Resource Files">
      <UniqueIdentifier>{8e114980-c1a3-4ada-ad7c-83caadf5daeb}</UniqueIdentifier>
      <Extensions>rc;ico;cur;bmp;dlg;rc2;rct;bin;rgs;gif;jpg;jpeg;jpe</Extensions>
    </Filter>
    <Filter Include="DXUT">
      <UniqueIdentifier>{a43c5c25-0e86-4a20-b64a-883785ff74fd}</UniqueIdentifier>
    </Filter>
    <Filter Include="Shaders">
      <UniqueIdentifier>{2c3d4c8c-5d1a-459a-a05a-a4e4b608a44e}</UniqueIdentifier>
      <Extensions>fx;fxh;hlsl</Extensions>
    </Filter>
    <Filter Include="include">
      <UniqueIdentifier>{065e8f88-6b0d-4b5f-ab5b-e79b67c1e1a7}</UniqueIdentifier>
    </Filter>
    <Filter Include="source">
      <UniqueIdentifier>{36ae6f79-de93-45db-be3c-fba6aaf5ece0}</UniqueIdentifier>
    </Filter>
    <Filter Include="imgui">
      <UniqueIdentifier>{e440df01-57f3-4cec-ab8c-77d3ee301f60}</UniqueIdentifier>
    </Filter>
    <Filter Include="imgui\include">
      <UniqueIdentifier>{d1408d1b-b657-4d6b-ad7f-0bfa1ca1bc52}</UniqueIdentifier>
    </Filter>
    <Filter Include="imgui\source">
      <UniqueIdentifier>{1e0633a2-7769-4d33-bc88-f250c2d626cb}</UniqueIdentifier>
    </Filter>
    <Filter Include="include\Patterns">
      <UniqueIdentifier>{c04ae454-4d93-4757-a35a-4574b1497a99}</UniqueIdentifier>
    </Filter>
    <Filter Include="include\ESC">
      <UniqueIdentifier>{64fbe9c7-a1fe-4e75-b4e4-2385d3ddb662}</UniqueIdentifier>
    </Filter>
    <Filter Include="include\Engine Utilities">
      <UniqueIdentifier>{ca8e4413-3adc-4d1b-bc28-ce5c0944591c}</UniqueIdentifier>
    </Filter>
    <Filter Include="include\Engine Utilities\Memory">
      <UniqueIdentifier>{b57caf01-9e0c-4d7f-a523-c7d30a441948}</UniqueIdentifier>
    </Filter>
    <Filter Include="include\Engine Utilities\Utilities">
      <UniqueIdentifier>{6129e64a-fa22-4676-b5ad-84ee3a24a404}</UniqueIdentifier>
    </Filter>
    <Filter Include="include\Engine Utilities\Vectors">
      <UniqueIdentifier>{641b9db6-a421-4325-86d2-d43c46524775}</UniqueIdentifier>
    </Filter>
    <Filter Include="source\ECS">
      <UniqueIdentifier>{1463e030-558a-4424-b4b2-e67af830c109}</UniqueIdentifier>
    </Filter>
    <Filter Include="imgui\ImGuizmo">
      <UniqueIdentifier>{bc794742-5da7-485a-98e7-0ff10ee1aa1f}</UniqueIdentifier>
    </Filter>
    <Filter Include="include\Engine Utilities\GUI">
      <UniqueIdentifier>{eb316455-a8ff-4277-9b3a-e805a79d3c51}</UniqueIdentifier>
    </Filter>
    <Filter Include="source\GUI">
      <UniqueIdentifier>{d5d075da-d67d-4db5-ab15-0b15b2c8189b}</UniqueIdentifier>
    </Filter>
    <Filter Include="source\SceneGraph">
      <UniqueIdentifier>{3abf7900-692e-4bb4-9f4d-d6ad14dad4db}</UniqueIdentifier>
    </Filter>
    <Filter Include="include\SceneGraph">
      <UniqueIdentifier>{66e9059c-070c-438d-9de2-4feec5bff259}</UniqueIdentifier>
    </Filter>
  </ItemGroup>
  <ItemGroup>
    <ClCompile Include="source\Window.cpp">
      <Filter>source</Filter>
    </ClCompile>
    <ClCompile Include="source\DeviceContext.cpp">
      <Filter>source</Filter>
    </ClCompile>
    <ClCompile Include="source\Device.cpp">
      <Filter>source</Filter>
    </ClCompile>
    <ClCompile Include="source\Texture.cpp">
      <Filter>source</Filter>
    </ClCompile>
    <ClCompile Include="source\SwapChain.cpp">
      <Filter>source</Filter>
    </ClCompile>
    <ClCompile Include="source\DepthStencilView.cpp">
      <Filter>source</Filter>
    </ClCompile>
    <ClCompile Include="source\RenderTargetView.cpp">
      <Filter>source</Filter>
    </ClCompile>
    <ClCompile Include="source\InputLayout.cpp">
      <Filter>source</Filter>
    </ClCompile>
    <ClCompile Include="source\Viewport.cpp">
      <Filter>source</Filter>
    </ClCompile>
    <ClCompile Include="source\ShaderProgram.cpp">
      <Filter>source</Filter>
    </ClCompile>
    <ClCompile Include="source\Buffer.cpp">
      <Filter>source</Filter>
    </ClCompile>
    <ClCompile Include="source\BaseApp.cpp">
      <Filter>source</Filter>
    </ClCompile>
    <ClCompile Include="source\SamplerState.cpp">
      <Filter>source</Filter>
    </ClCompile>
    <ClCompile Include="source\OBJReader.cpp">
      <Filter>source</Filter>
    </ClCompile>
    <ClCompile Include="Sakura-Engine.cpp" />
    <ClCompile Include="imgui-docking\imgui.cpp">
      <Filter>imgui\source</Filter>
    </ClCompile>
    <ClCompile Include="imgui-docking\imgui_demo.cpp">
      <Filter>imgui\source</Filter>
    </ClCompile>
    <ClCompile Include="imgui-docking\imgui_draw.cpp">
      <Filter>imgui\source</Filter>
    </ClCompile>
    <ClCompile Include="imgui-docking\imgui_tables.cpp">
      <Filter>imgui\source</Filter>
    </ClCompile>
    <ClCompile Include="imgui-docking\imgui_widgets.cpp">
      <Filter>imgui\source</Filter>
    </ClCompile>
    <ClCompile Include="imgui-docking\backends\imgui_impl_dx11.cpp">
      <Filter>imgui\source</Filter>
    </ClCompile>
    <ClCompile Include="imgui-docking\backends\imgui_impl_win32.cpp">
      <Filter>imgui\source</Filter>
    </ClCompile>
    <ClCompile Include="source\Model3D.cpp">
      <Filter>source</Filter>
    </ClCompile>
    <ClCompile Include="source\UserInterface.cpp" />
    <ClCompile Include="source\ECS\Actorcpp.cpp">
      <Filter>source\ECS</Filter>
    </ClCompile>
    <ClCompile Include="Imgui\ImGuizmo\ImGuizmo.cpp">
      <Filter>imgui\ImGuizmo</Filter>
    </ClCompile>
    <ClCompile Include="source\GUI\GUI.cpp">
      <Filter>source\GUI</Filter>
    </ClCompile>
    <ClCompile Include="source\SceneGraph\SceneGraph.cpp">
      <Filter>source\SceneGraph</Filter>
    </ClCompile>
    <ClCompile Include="source\Camera.cpp">
      <Filter>source</Filter>
    </ClCompile>
    <ClCompile Include="source\DepthStencilState.cpp">
      <Filter>source</Filter>
    </ClCompile>
    <ClCompile Include="source\RasterizerState.cpp">
      <Filter>source</Filter>
    </ClCompile>
    <ClCompile Include="source\Skybox.cpp">
      <Filter>source</Filter>
    </ClCompile>
    <ClCompile Include="source\EditorViewportPass.cpp">
      <Filter>source</Filter>
    </ClCompile>
  </ItemGroup>
  <ItemGroup>
    <CLInclude Include="resource.h">
      <Filter>Resource Files</Filter>
    </CLInclude>
    <ResourceCompile Include="Sakura-Engine.rc">
      <Filter>Resource Files</Filter>
    </ResourceCompile>
    <ClInclude Include="include\Window.h">
      <Filter>include</Filter>
    </ClInclude>
    <ClInclude Include="include\Prerequisites.h">
      <Filter>include</Filter>
    </ClInclude>
    <ClInclude Include="include\Device.h">
      <Filter>include</Filter>
    </ClInclude>
    <ClInclude Include="include\DeviceContext.h">
      <Filter>include</Filter>
    </ClInclude>
    <ClInclude Include="include\Texture.h">
      <Filter>include</Filter>
    </ClInclude>
    <ClInclude Include="include\SwapChain.h">
      <Filter>include</Filter>
    </ClInclude>
    <ClInclude Include="include\DepthStencilView.h">
      <Filter>include</Filter>
    </ClInclude>
    <ClInclude Include="include\RenderTargetView.h">
      <Filter>include</Filter>
    </ClInclude>
    <ClInclude Include="ShaderProgram.h">
      <Filter>include</Filter>
    </ClInclude>
    <ClInclude Include="include\InputLayout.h">
      <Filter>include</Filter>
    </ClInclude>
    <ClInclude Include="include\Viewport.h">
      <Filter>include</Filter>
    </ClInclude>
    <ClInclude Include="include\Buffer.h">
      <Filter>include</Filter>
    </ClInclude>
    <ClInclude Include="include\MeshComponent.h">
      <Filter>include</Filter>
    </ClInclude>
    <ClInclude Include="include\BaseApp.h">
      <Filter>include</Filter>
    </ClInclude>
    <ClInclude Include="include\SamplerState.h">
      <Filter>include</Filter>
    </ClInclude>
    <ClInclude Include="include\OBJReader.h">
      <Filter>include</Filter>
    </ClInclude>
    <ClInclude Include="include\stb_image.h">
      <Filter>include</Filter>
    </ClInclude>
    <ClInclude Include="include\UserInterface.h">
      <Filter>include</Filter>
    </ClInclude>
    <ClInclude Include="imgui-docking\imconfig.h">
      <Filter>imgui\include</Filter>
    </ClInclude>
    <ClInclude Include="imgui-docking\imgui.h">
      <Filter>imgui\include</Filter>
    </ClInclude>
    <ClInclude Include="imgui-docking\imgui_internal.h">
      <Filter>imgui\include</Filter>
    </ClInclude>
    <ClInclude Include="imgui-docking\imstb_rectpack.h">
      <Filter>imgui\include</Filter>
    </ClInclude>
    <ClInclude Include="imgui-docking\imstb_textedit.h">
      <Filter>imgui\include</Filter>
    </ClInclude>
    <ClInclude Include="imgui-docking\imstb_truetype.h">
      <Filter>imgui\include</Filter>
    </ClInclude>
    <ClInclude Include="imgui-docking\backends\imgui_impl_dx11.h">
      <Filter>imgui\source</Filter>
    </ClInclude>
    <ClInclude Include="imgui-docking\backends\imgui_impl_win32.h">
      <Filter>imgui\source</Filter>
    </ClInclude>
    <ClInclude Include="include\Model3D.h">
      <Filter>include</Filter>
    </ClInclude>
    <ClInclude Include="include\IResource.h">
      <Filter>include\Patterns</Filter>
    </ClInclude>
    <ClInclude Include="include\ResourceManager.h" />
    <ClInclude Include="include\ECS\Actor.h">
      <Filter>include\ESC</Filter>
    </ClInclude>
    <ClInclude Include="include\ECS\Component.h">
      <Filter>include\ESC</Filter>
    </ClInclude>
    <ClInclude Include="include\ECS\Entity.h">
      <Filter>include\ESC</Filter>
    </ClInclude>
    <ClInclude Include="include\ECS\Transform.h">
      <Filter>include\ESC</Filter>
    </ClInclude>
    <ClInclude Include="include\EngineUtilities\Memory\TStaticPtr.h">
      <Filter>include\Engine Utilities\Memory</Filter>
    </ClInclude>
    <ClInclude Include="include\EngineUtilities\Memory\TSharedPointer.h">
      <Filter>include\Engine Utilities\Memory</Filter>
    </ClInclude>
    <ClInclude Include="include\EngineUtilities\Memory\TUniquePtr.h">
      <Filter>include\Engine Utilities\Memory</Filter>
    </ClInclude>
    <ClInclude Include="include\EngineUtilities\Memory\TWeakPointer.h">
      <Filter>include\Engine Utilities\Memory</Filter>
    </ClInclude>
    <ClInclude Include="include\EngineUtilities\Utilities\EngineMath.h">
      <Filter>include\Engine Utilities\Utilities</Filter>
    </ClInclude>
    <ClInclude Include="include\EngineUtilities\Vectors\Vector4.h">
      <Filter>include\Engine Utilities\Vectors</Filter>
    </ClInclude>
    <ClInclude Include="include\EngineUtilities\Vectors\Vector3.h">
      <Filter>include\Engine Utilities\Vectors</Filter>
    </ClInclude>
    <ClInclude Include="include\EngineUtilities\Vectors\Vector2.h">
      <Filter>include\Engine Utilities\Vectors</Filter>
    </ClInclude>
    <ClInclude Include="Imgui\ImGuizmo\ImGuizmo.h">
      <Filter>imgui\ImGuizmo</Filter>
    </ClInclude>
    <ClInclude Include="include\EngineUtilities\GUI\GUI.h">
      <Filter>include\Engine Utilities\GUI</Filter>
    </ClInclude>
    <ClInclude Include="include\SceneGraph\HierarchyComponent.h">
      <Filter>include\SceneGraph</Filter>
    </ClInclude>
    <ClInclude Include="include\SceneGraph\SceneGraph.h">
      <Filter>include\SceneGraph</Filter>
    </ClInclude>
    <ClInclude Include="include\EngineUtilities\Utilities\Camera.h">
      <Filter>include\Engine Utilities\Utilities</Filter>
    </ClInclude>
    <ClInclude Include="include\DepthStencilState.h">
      <Filter>include</Filter>
    </ClInclude>
    <ClInclude Include="include\EngineUtilities\Utilities\Skybox.h">
      <Filter>include\Engine Utilities\Utilities</Filter>
    </ClInclude>
    <ClInclude Include="include\RasterizerState.h">
      <Filter>include</Filter>
    </ClInclude>
    <ClInclude Include="include\EngineUtilities\Utilities\EditorViewportPass.h">
      <Filter>include\Engine Utilities\Utilities</Filter>
    </ClInclude>
  </ItemGroup>
  <ItemGroup>
    <Text Include="Sakura-Engine.fx">
      <Filter>Shaders</Filter>
    </Text>
  </ItemGroup>
</Project>